
Microsoft Visual Studio Solution File, Format Version 12.00
# Visual Studio Version 16
VisualStudioVersion = 16.0.34407.143
MinimumVisualStudioVersion = 10.0.40219.1
Project("{FAE04EC0-301F-11D3-BF4B-00C04F79EFBC}") = "Console RPG", "Console RPG\Console RPG.csproj", "{591C363F-FB20-47AE-8F30-B12402EA9743}"
EndProject
Global
	GlobalSection(SolutionConfigurationPlatforms) = preSolution
		Debug|Any CPU = Debug|Any CPU
		Release|Any CPU = Release|Any CPU
	EndGlobalSection
	GlobalSection(ProjectConfigurationPlatforms) = postSolution
		{591C363F-FB20-47AE-8F30-B12402EA9743}.Debug|Any CPU.ActiveCfg = Debug|Any CPU
		{591C363F-FB20-47AE-8F30-B12402EA9743}.Debug|Any CPU.Build.0 = Debug|Any CPU
		{591C363F-FB20-47AE-8F30-B12402EA9743}.Release|Any CPU.ActiveCfg = Release|Any CPU
		{591C363F-FB20-47AE-8F30-B12402EA9743}.Release|Any CPU.Build.0 = Release|Any CPU
	EndGlobalSection
	GlobalSection(SolutionProperties) = preSolution
		HideSolutionNode = FALSE
	EndGlobalSection
	GlobalSection(ExtensibilityGlobals) = postSolution
		SolutionGuid = {5D363A22-2DA8-4B51-AB35-B7399766136D}
	EndGlobalSection
EndGlobal
